
Microsoft Visual Studio Solution File, Format Version 12.00
# Visual Studio Version 17
VisualStudioVersion = 17.10.35122.118
MinimumVisualStudioVersion = 10.0.40219.1
Project("{FAE04EC0-301F-11D3-BF4B-00C04F79EFBC}") = "DIAMOND", "DIAMOND.csproj", "{09490EE8-CD68-4454-A7A2-BED750BE74F2}"
EndProject
Global
	GlobalSection(SolutionConfigurationPlatforms) = preSolution
		Debug|Any CPU = Debug|Any CPU
		Release|Any CPU = Release|Any CPU
	EndGlobalSection
	GlobalSection(ProjectConfigurationPlatforms) = postSolution
		{09490EE8-CD68-4454-A7A2-BED750BE74F2}.Debug|Any CPU.ActiveCfg = Debug|Any CPU
		{09490EE8-CD68-4454-A7A2-BED750BE74F2}.Debug|Any CPU.Build.0 = Debug|Any CPU
		{09490EE8-CD68-4454-A7A2-BED750BE74F2}.Release|Any CPU.ActiveCfg = Release|Any CPU
		{09490EE8-CD68-4454-A7A2-BED750BE74F2}.Release|Any CPU.Build.0 = Release|Any CPU
	EndGlobalSection
	GlobalSection(SolutionProperties) = preSolution
		HideSolutionNode = FALSE
	EndGlobalSection
	GlobalSection(ExtensibilityGlobals) = postSolution
		SolutionGuid = {D7FF9E78-0FE5-444C-B4AA-477D3B7AC0B4}
	EndGlobalSection
EndGlobal
